
Microsoft Visual Studio Solution File, Format Version 12.00
# Visual Studio Version 16
VisualStudioVersion = 16.0.31624.102
MinimumVisualStudioVersion = 10.0.40219.1
Project("{FAE04EC0-301F-11D3-BF4B-00C04F79EFBC}") = "WebApplication1", "WebApplication1.csproj", "{D9865EE9-D6F0-4778-8C5C-90D91FF7CB84}"
EndProject
Global
	GlobalSection(SolutionConfigurationPlatforms) = preSolution
		Debug|Any CPU = Debug|Any CPU
		Release|Any CPU = Release|Any CPU
	EndGlobalSection
	GlobalSection(ProjectConfigurationPlatforms) = postSolution
		{D9865EE9-D6F0-4778-8C5C-90D91FF7CB84}.Debug|Any CPU.ActiveCfg = Debug|Any CPU
		{D9865EE9-D6F0-4778-8C5C-90D91FF7CB84}.Debug|Any CPU.Build.0 = Debug|Any CPU
		{D9865EE9-D6F0-4778-8C5C-90D91FF7CB84}.Release|Any CPU.ActiveCfg = Release|Any CPU
		{D9865EE9-D6F0-4778-8C5C-90D91FF7CB84}.Release|Any CPU.Build.0 = Release|Any CPU
	EndGlobalSection
	GlobalSection(SolutionProperties) = preSolution
		HideSolutionNode = FALSE
	EndGlobalSection
	GlobalSection(ExtensibilityGlobals) = postSolution
		SolutionGuid = {EABB3A9E-D38E-496D-AFAD-CD6B46AFCD56}
	EndGlobalSection
EndGlobal
